
Microsoft Visual Studio Solution File, Format Version 12.00
# Visual Studio Version 17
VisualStudioVersion = 17.3.32929.385
MinimumVisualStudioVersion = 10.0.40219.1
Project("{FAE04EC0-301F-11D3-BF4B-00C04F79EFBC}") = "Zadanie3_Forms_PM01_N1", "Zadanie3_Forms_PM01_N1\Zadanie3_Forms_PM01_N1.csproj", "{8C2EEB8D-9667-47E4-A111-95A5DC226D85}"
EndProject
Global
	GlobalSection(SolutionConfigurationPlatforms) = preSolution
		Debug|Any CPU = Debug|Any CPU
		Release|Any CPU = Release|Any CPU
	EndGlobalSection
	GlobalSection(ProjectConfigurationPlatforms) = postSolution
		{8C2EEB8D-9667-47E4-A111-95A5DC226D85}.Debug|Any CPU.ActiveCfg = Debug|Any CPU
		{8C2EEB8D-9667-47E4-A111-95A5DC226D85}.Debug|Any CPU.Build.0 = Debug|Any CPU
		{8C2EEB8D-9667-47E4-A111-95A5DC226D85}.Release|Any CPU.ActiveCfg = Release|Any CPU
		{8C2EEB8D-9667-47E4-A111-95A5DC226D85}.Release|Any CPU.Build.0 = Release|Any CPU
	EndGlobalSection
	GlobalSection(SolutionProperties) = preSolution
		HideSolutionNode = FALSE
	EndGlobalSection
	GlobalSection(ExtensibilityGlobals) = postSolution
		SolutionGuid = {0DC7FBF0-0A8D-4E1E-8618-65191D32D388}
	EndGlobalSection
EndGlobal
